
Microsoft Visual Studio Solution File, Format Version 12.00
# Visual Studio Version 17
VisualStudioVersion = 17.7.34221.43
MinimumVisualStudioVersion = 10.0.40219.1
Project("{9A19103F-16F7-4668-BE54-9A1E7A4F7556}") = "GeneXus.Packages.SupportTools", "GeneXus.Packages.SupportTools.csproj", "{35B846C2-49D0-42ED-A7F9-A20C90ED4511}"
EndProject
Global
	GlobalSection(SolutionConfigurationPlatforms) = preSolution
		Debug|Any CPU = Debug|Any CPU
		Release|Any CPU = Release|Any CPU
	EndGlobalSection
	GlobalSection(ProjectConfigurationPlatforms) = postSolution
		{35B846C2-49D0-42ED-A7F9-A20C90ED4511}.Debug|Any CPU.ActiveCfg = Debug|Any CPU
		{35B846C2-49D0-42ED-A7F9-A20C90ED4511}.Debug|Any CPU.Build.0 = Debug|Any CPU
		{35B846C2-49D0-42ED-A7F9-A20C90ED4511}.Release|Any CPU.ActiveCfg = Release|Any CPU
		{35B846C2-49D0-42ED-A7F9-A20C90ED4511}.Release|Any CPU.Build.0 = Release|Any CPU
	EndGlobalSection
	GlobalSection(SolutionProperties) = preSolution
		HideSolutionNode = FALSE
	EndGlobalSection
	GlobalSection(ExtensibilityGlobals) = postSolution
		SolutionGuid = {7FB4C340-99E2-4AAD-AB0D-B50DAD7F0208}
	EndGlobalSection
EndGlobal
